
Microsoft Visual Studio Solution File, Format Version 12.00
# Visual Studio Version 17
VisualStudioVersion = 17.3.32825.248
MinimumVisualStudioVersion = 10.0.40219.1
Project("{FAE04EC0-301F-11D3-BF4B-00C04F79EFBC}") = "PizzaStore", "PizzaStore.csproj", "{A225E493-8F5C-4285-8D7C-0297AB577499}"
EndProject
Global
	GlobalSection(SolutionConfigurationPlatforms) = preSolution
		Debug|Any CPU = Debug|Any CPU
		Release|Any CPU = Release|Any CPU
	EndGlobalSection
	GlobalSection(ProjectConfigurationPlatforms) = postSolution
		{A225E493-8F5C-4285-8D7C-0297AB577499}.Debug|Any CPU.ActiveCfg = Debug|Any CPU
		{A225E493-8F5C-4285-8D7C-0297AB577499}.Debug|Any CPU.Build.0 = Debug|Any CPU
		{A225E493-8F5C-4285-8D7C-0297AB577499}.Release|Any CPU.ActiveCfg = Release|Any CPU
		{A225E493-8F5C-4285-8D7C-0297AB577499}.Release|Any CPU.Build.0 = Release|Any CPU
	EndGlobalSection
	GlobalSection(SolutionProperties) = preSolution
		HideSolutionNode = FALSE
	EndGlobalSection
	GlobalSection(ExtensibilityGlobals) = postSolution
		SolutionGuid = {ED3C500D-F5DF-48C9-9F34-E45CCDCA7ADE}
	EndGlobalSection
EndGlobal
